// !$*UTF8*$!
{
	archiveVersion = 1;
	classes = {
	};
	objectVersion = 46;
	objects = {

/* Begin PBXBuildFile section */
		BCF71FFA1E5AD20A009AF8A6 /* AppDelegate.swift in Sources */ = {isa = PBXBuildFile; fileRef = BCF71FF91E5AD20A009AF8A6 /* AppDelegate.swift */; };
		BCF71FFC1E5AD20A009AF8A6 /* ViewController.swift in Sources */ = {isa = PBXBuildFile; fileRef = BCF71FFB1E5AD20A009AF8A6 /* ViewController.swift */; };
		BCF71FFF1E5AD20A009AF8A6 /* Main.storyboard in Resources */ = {isa = PBXBuildFile; fileRef = BCF71FFD1E5AD20A009AF8A6 /* Main.storyboard */; };
		BCF720011E5AD20A009AF8A6 /* Assets.xcassets in Resources */ = {isa = PBXBuildFile; fileRef = BCF720001E5AD20A009AF8A6 /* Assets.xcassets */; };
		BCF720041E5AD20A009AF8A6 /* LaunchScreen.storyboard in Resources */ = {isa = PBXBuildFile; fileRef = BCF720021E5AD20A009AF8A6 /* LaunchScreen.storyboard */; };
		BCF7200C1E5AE761009AF8A6 /* Config.swift in Sources */ = {isa = PBXBuildFile; fileRef = BCF7200B1E5AE761009AF8A6 /* Config.swift */; };
/* End PBXBuildFile section */

/* Begin PBXFileReference section */
		BCF71FF61E5AD20A009AF8A6 /* CATransformLayer.app */ = {isa = PBXFileReference; explicitFileType = wrapper.application; includeInIndex = 0; path = CATransformLayer.app; sourceTree = BUILT_PRODUCTS_DIR; };
		BCF71FF91E5AD20A009AF8A6 /* AppDelegate.swift */ = {isa = PBXFileReference; lastKnownFileType = sourcecode.swift; path = AppDelegate.swift; sourceTree = "<group>"; };
		BCF71FFB1E5AD20A009AF8A6 /* ViewController.swift */ = {isa = PBXFileReference; lastKnownFileType = sourcecode.swift; path = ViewController.swift; sourceTree = "<group>"; };
		BCF71FFE1E5AD20A009AF8A6 /* Base */ = {isa = PBXFileReference; lastKnownFileType = file.storyboard; name = Base; path = Base.lproj/Main.storyboard; sourceTree = "<group>"; };
		BCF720001E5AD20A009AF8A6 /* Assets.xcassets */ = {isa = PBXFileReference; lastKnownFileType = folder.assetcatalog; path = Assets.xcassets; sourceTree = "<group>"; };
		BCF720031E5AD20A009AF8A6 /* Base */ = {isa = PBXFileReference; lastKnownFileType = file.storyboard; name = Base; path = Base.lproj/LaunchScreen.storyboard; sourceTree = "<group>"; };
		BCF720051E5AD20A009AF8A6 /* Info.plist */ = {isa = PBXFileReference; lastKnownFileType = text.plist.xml; path = Info.plist; sourceTree = "<group>"; };
		BCF7200B1E5AE761009AF8A6 /* Config.swift */ = {isa = PBXFileReference; fileEncoding = 4; lastKnownFileType = sourcecode.swift; path = Config.swift; sourceTree = "<group>"; };
/* End PBXFileReference section */

/* Begin PBXFrameworksBuildPhase section */
		BCF71FF31E5AD20A009AF8A6 /* Frameworks */ = {
			isa = PBXFrameworksBuildPhase;
			buildActionMask = 2147483647;
			files = (
			);
			runOnlyForDeploymentPostprocessing = 0;
		};
/* End PBXFrameworksBuildPhase section */

/* Begin PBXGroup section */
		BCF71FED1E5AD209009AF8A6 = {
			isa = PBXGroup;
			children = (
				BCF71FF81E5AD20A009AF8A6 /* CATransformLayer */,
				BCF71FF71E5AD20A009AF8A6 /* Products */,
			);
			sourceTree = "<group>";
		};
		BCF71FF71E5AD20A009AF8A6 /* Products */ = {
			isa = PBXGroup;
			children = (
				BCF71FF61E5AD20A009AF8A6 /* CATransformLayer.app */,
			);
			name = Products;
			sourceTree = "<group>";
		};
		BCF71FF81E5AD20A009AF8A6 /* CATransformLayer */ = {
			isa = PBXGroup;
			children = (
				BCF71FF91E5AD20A009AF8A6 /* AppDelegate.swift */,
				BCF71FFB1E5AD20A009AF8A6 /* ViewController.swift */,
				BCF7200B1E5AE761009AF8A6 /* Config.swift */,
				BCF71FFD1E5AD20A009AF8A6 /* Main.storyboard */,
				BCF720001E5AD20A009AF8A6 /* Assets.xcassets */,
				BCF720021E5AD20A009AF8A6 /* LaunchScreen.storyboard */,
				BCF720051E5AD20A009AF8A6 /* Info.plist */,
			);
			path = CATransformLayer;
			sourceTree = "<group>";
		};
/* End PBXGroup section */

/* Begin PBXNativeTarget section */
		BCF71FF51E5AD20A009AF8A6 /* CATransformLayer */ = {
			isa = PBXNativeTarget;
			buildConfigurationList = BCF720081E5AD20A009AF8A6 /* Build configuration list for PBXNativeTarget "CATransformLayer" */;
			buildPhases = (
				BCF71FF21E5AD20A009AF8A6 /* Sources */,
				BCF71FF31E5AD20A009AF8A6 /* Frameworks */,
				BCF71FF41E5AD20A009AF8A6 /* Resources */,
			);
			buildRules = (
			);
			dependencies = (
			);
			name = CATransformLayer;
			productName = CATransformLayer;
			productReference = BCF71FF61E5AD20A009AF8A6 /* CATransformLayer.app */;
			productType = "com.apple.product-type.application";
		};
/* End PBXNativeTarget section */

/* Begin PBXProject section */
		BCF71FEE1E5AD209009AF8A6 /* Project object */ = {
			isa = PBXProject;
			attributes = {
				LastSwiftUpdateCheck = 0820;
				LastUpgradeCheck = 0820;
				ORGANIZATIONNAME = "LA Argon";
				TargetAttributes = {
					BCF71FF51E5AD20A009AF8A6 = {
						CreatedOnToolsVersion = 8.2.1;
						ProvisioningStyle = Automatic;
					};
				};
			};
			buildConfigurationList = BCF71FF11E5AD209009AF8A6 /* Build configuration list for PBXProject "CATransformLayer" */;
			compatibilityVersion = "Xcode 3.2";
			developmentRegion = English;
			hasScannedForEncodings = 0;
			knownRegions = (
				en,
				Base,
			);
			mainGroup = BCF71FED1E5AD209009AF8A6;
			productRefGroup = BCF71FF71E5AD20A009AF8A6 /* Products */;
			projectDirPath = "";
			projectRoot = "";
			targets = (
				BCF71FF51E5AD20A009AF8A6 /* CATransformLayer */,
			);
		};
/* End PBXProject section */

/* Begin PBXResourcesBuildPhase section */
		BCF71FF41E5AD20A009AF8A6 /* Resources */ = {
			isa = PBXResourcesBuildPhase;
			buildActionMask = 2147483647;
			files = (
				BCF720041E5AD20A009AF8A6 /* LaunchScreen.storyboard in Resources */,
				BCF720011E5AD20A009AF8A6 /* Assets.xcassets in Resources */,
				BCF71FFF1E5AD20A009AF8A6 /* Main.storyboard in Resources */,
			);
			runOnlyForDeploymentPostprocessing = 0;
		};
/* End PBXResourcesBuildPhase section */

/* Begin PBXSourcesBuildPhase section */
		BCF71FF21E5AD20A009AF8A6 /* Sources */ = {
			isa = PBXSourcesBuildPhase;
			buildActionMask = 2147483647;
			files = (
				BCF71FFC1E5AD20A009AF8A6 /* ViewController.swift in Sources */,
				BCF71FFA1E5AD20A009AF8A6 /* AppDelegate.swift in Sources */,
				BCF7200C1E5AE761009AF8A6 /* Config.swift in Sources */,
			);
			runOnlyForDeploymentPostprocessing = 0;
		};
/* End PBXSourcesBuildPhase section */

/* Begin PBXVariantGroup section */
		BCF71FFD1E5AD20A009AF8A6 /* Main.storyboard */ = {
			isa = PBXVariantGroup;
			children = (
				BCF71FFE1E5AD20A009AF8A6 /* Base */,
			);
			name = Main.storyboard;
			sourceTree = "<group>";
		};
		BCF720021E5AD20A009AF8A6 /* LaunchScreen.storyboard */ = {
			isa = PBXVariantGroup;
			children = (
				BCF720031E5AD20A009AF8A6 /* Base */,
			);
			name = LaunchScreen.storyboard;
			sourceTree = "<group>";
		};
/* End PBXVariantGroup section */

/* Begin XCBuildConfiguration section */
		BCF720061E5AD20A009AF8A6 /* Debug */ = {
			isa = XCBuildConfiguration;
			buildSettings = {
				ALWAYS_SEARCH_USER_PATHS = NO;
				CLANG_ANALYZER_NONNULL = YES;
				CLANG_CXX_LANGUAGE_STANDARD = "gnu++0x";
				CLANG_CXX_LIBRARY = "libc++";
				CLANG_ENABLE_MODULES = YES;
				CLANG_ENABLE_OBJC_ARC = YES;
				CLANG_WARN_BOOL_CONVERSION = YES;
				CLANG_WARN_CONSTANT_CONVERSION = YES;
				CLANG_WARN_DIRECT_OBJC_ISA_USAGE = YES_ERROR;
				CLANG_WARN_DOCUMENTATION_COMMENTS = YES;
				CLANG_WARN_EMPTY_BODY = YES;
				CLANG_WARN_ENUM_CONVERSION = YES;
				CLANG_WARN_INFINITE_RECURSION = YES;
				CLANG_WARN_INT_CONVERSION = YES;
				CLANG_WARN_OBJC_ROOT_CLASS = YES_ERROR;
				CLANG_WARN_SUSPICIOUS_MOVE = YES;
				CLANG_WARN_UNREACHABLE_CODE = YES;
				CLANG_WARN__DUPLICATE_METHOD_MATCH = YES;
				"CODE_SIGN_IDENTITY[sdk=iphoneos*]" = "iPhone Developer";
				COPY_PHASE_STRIP = NO;
				DEBUG_INFORMATION_FORMAT = dwarf;
				ENABLE_STRICT_OBJC_MSGSEND = YES;
				ENABLE_TESTABILITY = YES;
				GCC_C_LANGUAGE_STANDARD = gnu99;
				GCC_DYNAMIC_NO_PIC = NO;
				GCC_NO_COMMON_BLOCKS = YES;
				GCC_OPTIMIZATION_LEVEL = 0;
				GCC_PREPROCESSOR_DEFINITIONS = (
					"DEBUG=1",
					"$(inherited)",
				);
				GCC_WARN_64_TO_32_BIT_CONVERSION = YES;
				GCC_WARN_ABOUT_RETURN_TYPE = YES_ERROR;
				GCC_WARN_UNDECLARED_SELECTOR = YES;
				GCC_WARN_UNINITIALIZED_AUTOS = YES_AGGRESSIVE;
				GCC_WARN_UNUSED_FUNCTION = YES;
				GCC_WARN_UNUSED_VARIABLE = YES;
				IPHONEOS_DEPLOYMENT_TARGET = 10.2;
				MTL_ENABLE_DEBUG_INFO = YES;
				ONLY_ACTIVE_ARCH = YES;
				SDKROOT = iphoneos;
				SWIFT_ACTIVE_COMPILATION_CONDITIONS = DEBUG;
				SWIFT_OPTIMIZATION_LEVEL = "-Onone";
			};
			name = Debug;
		};
		BCF720071E5AD20A009AF8A6 /* Release */ = {
			isa = XCBuildConfiguration;
			buildSettings = {
				ALWAYS_SEARCH_USER_PATHS = NO;
				CLANG_ANALYZER_NONNULL = YES;
				CLANG_CXX_LANGUAGE_STANDARD = "gnu++0x";
				CLANG_CXX_LIBRARY = "libc++";
				CLANG_ENABLE_MODULES = YES;
				CLANG_ENABLE_OBJC_ARC = YES;
				CLANG_WARN_BOOL_CONVERSION = YES;
				CLANG_WARN_CONSTANT_CONVERSION = YES;
				CLANG_WARN_DIRECT_OBJC_ISA_USAGE = YES_ERROR;
				CLANG_WARN_DOCUMENTATION_COMMENTS = YES;
				CLANG_WARN_EMPTY_BODY = YES;
				CLANG_WARN_ENUM_CONVERSION = YES;
				CLANG_WARN_INFINITE_RECURSION = YES;
				CLANG_WARN_INT_CONVERSION = YES;
				CLANG_WARN_OBJC_ROOT_CLASS = YES_ERROR;
				CLANG_WARN_SUSPICIOUS_MOVE = YES;
				CLANG_WARN_UNREACHABLE_CODE = YES;
				CLANG_WARN__DUPLICATE_METHOD_MATCH = YES;
				"CODE_SIGN_IDENTITY[sdk=iphoneos*]" = "iPhone Developer";
				COPY_PHASE_STRIP = NO;
				DEBUG_INFORMATION_FORMAT = "dwarf-with-dsym";
				ENABLE_NS_ASSERTIONS = NO;
				ENABLE_STRICT_OBJC_MSGSEND = YES;
				GCC_C_LANGUAGE_STANDARD = gnu99;
				GCC_NO_COMMON_BLOCKS = YES;
				GCC_WARN_64_TO_32_BIT_CONVERSION = YES;
				GCC_WARN_ABOUT_RETURN_TYPE = YES_ERROR;
				GCC_WARN_UNDECLARED_SELECTOR = YES;
				GCC_WARN_UNINITIALIZED_AUTOS = YES_AGGRESSIVE;
				GCC_WARN_UNUSED_FUNCTION = YES;
				GCC_WARN_UNUSED_VARIABLE = YES;
				IPHONEOS_DEPLOYMENT_TARGET = 10.2;
				MTL_ENABLE_DEBUG_INFO = NO;
				SDKROOT = iphoneos;
				SWIFT_OPTIMIZATION_LEVEL = "-Owholemodule";
				VALIDATE_PRODUCT = YES;
			};
			name = Release;
		};
		BCF720091E5AD20A009AF8A6 /* Debug */ = {
			isa = XCBuildConfiguration;
			buildSettings = {
				ASSETCATALOG_COMPILER_APPICON_NAME = AppIcon;
				INFOPLIST_FILE = CATransformLayer/Info.plist;
				LD_RUNPATH_SEARCH_PATHS = "$(inherited) @executable_path/Frameworks";
				PRODUCT_BUNDLE_IDENTIFIER = com.letsappit.CATransformLayer;
				PRODUCT_NAME = "$(TARGET_NAME)";
				SWIFT_VERSION = 3.0;
			};
			name = Debug;
		};
		BCF7200A1E5AD20A009AF8A6 /* Release */ = {
			isa = XCBuildConfiguration;
			buildSettings = {
				ASSETCATALOG_COMPILER_APPICON_NAME = AppIcon;
				INFOPLIST_FILE = CATransformLayer/Info.plist;
				LD_RUNPATH_SEARCH_PATHS = "$(inherited) @executable_path/Frameworks";
				PRODUCT_BUNDLE_IDENTIFIER = com.letsappit.CATransformLayer;
				PRODUCT_NAME = "$(TARGET_NAME)";
				SWIFT_VERSION = 3.0;
			};
			name = Release;
		};
/* End XCBuildConfiguration section */

/* Begin XCConfigurationList section */
		BCF71FF11E5AD209009AF8A6 /* Build configuration list for PBXProject "CATransformLayer" */ = {
			isa = XCConfigurationList;
			buildConfigurations = (
				BCF720061E5AD20A009AF8A6 /* Debug */,
				BCF720071E5AD20A009AF8A6 /* Release */,
			);
			defaultConfigurationIsVisible = 0;
			defaultConfigurationName = Release;
		};
		BCF720081E5AD20A009AF8A6 /* Build configuration list for PBXNativeTarget "CATransformLayer" */ = {
			isa = XCConfigurationList;
			buildConfigurations = (
				BCF720091E5AD20A009AF8A6 /* Debug */,
				BCF7200A1E5AD20A009AF8A6 /* Release */,
			);
			defaultConfigurationIsVisible = 0;
		};
/* End XCConfigurationList section */
	};
	rootObject = BCF71FEE1E5AD209009AF8A6 /* Project object */;
}
